
Microsoft Visual Studio Solution File, Format Version 12.00
# Visual Studio for Mac
Project("{FAE04EC0-301F-11D3-BF4B-00C04F79EFBC}") = "Alice Lens 9:23:18 - Keystore", "Assembly-CSharp.csproj", "{7B61233F-77D9-FF3C-151B-C1AB3F289B42}"
EndProject
Project("{FAE04EC0-301F-11D3-BF4B-00C04F79EFBC}") = "Alice Lens 9:23:18 - Keystore", "Assembly-CSharp-Editor.csproj", "{8F2B7B95-33E0-B631-89F7-57549455D2D1}"
EndProject
Global
	GlobalSection(SolutionConfigurationPlatforms) = preSolution
		Debug|Any CPU = Debug|Any CPU
		Release|Any CPU = Release|Any CPU
	EndGlobalSection
	GlobalSection(ProjectConfigurationPlatforms) = postSolution
		{7B61233F-77D9-FF3C-151B-C1AB3F289B42}.Debug|Any CPU.ActiveCfg = Debug|Any CPU
		{7B61233F-77D9-FF3C-151B-C1AB3F289B42}.Debug|Any CPU.Build.0 = Debug|Any CPU
		{7B61233F-77D9-FF3C-151B-C1AB3F289B42}.Release|Any CPU.ActiveCfg = Release|Any CPU
		{7B61233F-77D9-FF3C-151B-C1AB3F289B42}.Release|Any CPU.Build.0 = Release|Any CPU
		{8F2B7B95-33E0-B631-89F7-57549455D2D1}.Debug|Any CPU.ActiveCfg = Debug|Any CPU
		{8F2B7B95-33E0-B631-89F7-57549455D2D1}.Debug|Any CPU.Build.0 = Debug|Any CPU
		{8F2B7B95-33E0-B631-89F7-57549455D2D1}.Release|Any CPU.ActiveCfg = Release|Any CPU
		{8F2B7B95-33E0-B631-89F7-57549455D2D1}.Release|Any CPU.Build.0 = Release|Any CPU
	EndGlobalSection
	GlobalSection(SolutionProperties) = preSolution
		HideSolutionNode = FALSE
	EndGlobalSection
EndGlobal
