
Microsoft Visual Studio Solution File, Format Version 12.00
# Visual Studio for Mac
Project("{FAE04EC0-301F-11D3-BF4B-00C04F79EFBC}") = "Alice", "Assembly-CSharp.csproj", "{8065F3C4-00E0-E590-656F-CB6413051D90}"
EndProject
Project("{FAE04EC0-301F-11D3-BF4B-00C04F79EFBC}") = "Alice", "Assembly-CSharp-Editor.csproj", "{52A47FAD-B546-A8CC-71F6-C145DD1BB724}"
EndProject
Global
	GlobalSection(SolutionConfigurationPlatforms) = preSolution
		Debug|Any CPU = Debug|Any CPU
		Release|Any CPU = Release|Any CPU
	EndGlobalSection
	GlobalSection(ProjectConfigurationPlatforms) = postSolution
		{8065F3C4-00E0-E590-656F-CB6413051D90}.Debug|Any CPU.ActiveCfg = Debug|Any CPU
		{8065F3C4-00E0-E590-656F-CB6413051D90}.Debug|Any CPU.Build.0 = Debug|Any CPU
		{8065F3C4-00E0-E590-656F-CB6413051D90}.Release|Any CPU.ActiveCfg = Release|Any CPU
		{8065F3C4-00E0-E590-656F-CB6413051D90}.Release|Any CPU.Build.0 = Release|Any CPU
		{52A47FAD-B546-A8CC-71F6-C145DD1BB724}.Debug|Any CPU.ActiveCfg = Debug|Any CPU
		{52A47FAD-B546-A8CC-71F6-C145DD1BB724}.Debug|Any CPU.Build.0 = Debug|Any CPU
		{52A47FAD-B546-A8CC-71F6-C145DD1BB724}.Release|Any CPU.ActiveCfg = Release|Any CPU
		{52A47FAD-B546-A8CC-71F6-C145DD1BB724}.Release|Any CPU.Build.0 = Release|Any CPU
	EndGlobalSection
	GlobalSection(SolutionProperties) = preSolution
		HideSolutionNode = FALSE
	EndGlobalSection
EndGlobal
