
Microsoft Visual Studio Solution File, Format Version 11.00
# Visual Studio 2010
Project("{FAE04EC0-301F-11D3-BF4B-00C04F79EFBC}") = "HelloAlice-science-worksheet-a81f4b50c352", "Assembly-CSharp.csproj", "{A73D1359-C581-70A2-460F-366337FF1E9E}"
EndProject
Project("{FAE04EC0-301F-11D3-BF4B-00C04F79EFBC}") = "HelloAlice-science-worksheet-a81f4b50c352", "Assembly-CSharp-Editor.csproj", "{AB0F2A29-7BED-07C5-F8A7-98EB1E0C78ED}"
EndProject
Global
	GlobalSection(SolutionConfigurationPlatforms) = preSolution
		Debug|Any CPU = Debug|Any CPU
		Release|Any CPU = Release|Any CPU
	EndGlobalSection
	GlobalSection(ProjectConfigurationPlatforms) = postSolution
		{A73D1359-C581-70A2-460F-366337FF1E9E}.Debug|Any CPU.ActiveCfg = Debug|Any CPU
		{A73D1359-C581-70A2-460F-366337FF1E9E}.Debug|Any CPU.Build.0 = Debug|Any CPU
		{A73D1359-C581-70A2-460F-366337FF1E9E}.Release|Any CPU.ActiveCfg = Release|Any CPU
		{A73D1359-C581-70A2-460F-366337FF1E9E}.Release|Any CPU.Build.0 = Release|Any CPU
		{AB0F2A29-7BED-07C5-F8A7-98EB1E0C78ED}.Debug|Any CPU.ActiveCfg = Debug|Any CPU
		{AB0F2A29-7BED-07C5-F8A7-98EB1E0C78ED}.Debug|Any CPU.Build.0 = Debug|Any CPU
		{AB0F2A29-7BED-07C5-F8A7-98EB1E0C78ED}.Release|Any CPU.ActiveCfg = Release|Any CPU
		{AB0F2A29-7BED-07C5-F8A7-98EB1E0C78ED}.Release|Any CPU.Build.0 = Release|Any CPU
	EndGlobalSection
	GlobalSection(SolutionProperties) = preSolution
		HideSolutionNode = FALSE
	EndGlobalSection
	GlobalSection(MonoDevelopProperties) = preSolution
		StartupItem = Assembly-CSharp.csproj
	EndGlobalSection
EndGlobal
