
Microsoft Visual Studio Solution File, Format Version 11.00
# Visual Studio 2010
Project("{FAE04EC0-301F-11D3-BF4B-00C04F79EFBC}") = "Leap with Alice Demo", "Assembly-CSharp.csproj", "{5CD51ADE-2E3C-AC5C-4261-7B8FD550A44D}"
EndProject
Project("{FAE04EC0-301F-11D3-BF4B-00C04F79EFBC}") = "Leap with Alice Demo", "Assembly-CSharp-Editor.csproj", "{98FC712D-0E5B-EA18-7C4C-0272870CA0F9}"
EndProject
Global
	GlobalSection(SolutionConfigurationPlatforms) = preSolution
		Debug|Any CPU = Debug|Any CPU
		Release|Any CPU = Release|Any CPU
	EndGlobalSection
	GlobalSection(ProjectConfigurationPlatforms) = postSolution
		{5CD51ADE-2E3C-AC5C-4261-7B8FD550A44D}.Debug|Any CPU.ActiveCfg = Debug|Any CPU
		{5CD51ADE-2E3C-AC5C-4261-7B8FD550A44D}.Debug|Any CPU.Build.0 = Debug|Any CPU
		{5CD51ADE-2E3C-AC5C-4261-7B8FD550A44D}.Release|Any CPU.ActiveCfg = Release|Any CPU
		{5CD51ADE-2E3C-AC5C-4261-7B8FD550A44D}.Release|Any CPU.Build.0 = Release|Any CPU
		{98FC712D-0E5B-EA18-7C4C-0272870CA0F9}.Debug|Any CPU.ActiveCfg = Debug|Any CPU
		{98FC712D-0E5B-EA18-7C4C-0272870CA0F9}.Debug|Any CPU.Build.0 = Debug|Any CPU
		{98FC712D-0E5B-EA18-7C4C-0272870CA0F9}.Release|Any CPU.ActiveCfg = Release|Any CPU
		{98FC712D-0E5B-EA18-7C4C-0272870CA0F9}.Release|Any CPU.Build.0 = Release|Any CPU
	EndGlobalSection
	GlobalSection(SolutionProperties) = preSolution
		HideSolutionNode = FALSE
	EndGlobalSection
	GlobalSection(MonoDevelopProperties) = preSolution
		StartupItem = Assembly-CSharp.csproj
	EndGlobalSection
EndGlobal
