
Microsoft Visual Studio Solution File, Format Version 12.00
# Visual Studio 2015
Project("{FAE04EC0-301F-11D3-BF4B-00C04F79EFBC}") = "Leap with Alice Demo", "Leap with Alice Demo.csproj", "{3569E83E-F991-7A34-FC92-314D5E3907A1}"
EndProject
Project("{FAE04EC0-301F-11D3-BF4B-00C04F79EFBC}") = "Leap with Alice Demo.Editor", "Leap with Alice Demo.Editor.csproj", "{219B327D-F974-B4CF-5BE2-6CF62CC6AC50}"
EndProject
Global
	GlobalSection(SolutionConfigurationPlatforms) = preSolution
		Debug|Any CPU = Debug|Any CPU
		Release|Any CPU = Release|Any CPU
	EndGlobalSection
	GlobalSection(ProjectConfigurationPlatforms) = postSolution
		{3569E83E-F991-7A34-FC92-314D5E3907A1}.Debug|Any CPU.ActiveCfg = Debug|Any CPU
		{3569E83E-F991-7A34-FC92-314D5E3907A1}.Debug|Any CPU.Build.0 = Debug|Any CPU
		{3569E83E-F991-7A34-FC92-314D5E3907A1}.Release|Any CPU.ActiveCfg = Release|Any CPU
		{3569E83E-F991-7A34-FC92-314D5E3907A1}.Release|Any CPU.Build.0 = Release|Any CPU
		{219B327D-F974-B4CF-5BE2-6CF62CC6AC50}.Debug|Any CPU.ActiveCfg = Debug|Any CPU
		{219B327D-F974-B4CF-5BE2-6CF62CC6AC50}.Debug|Any CPU.Build.0 = Debug|Any CPU
		{219B327D-F974-B4CF-5BE2-6CF62CC6AC50}.Release|Any CPU.ActiveCfg = Release|Any CPU
		{219B327D-F974-B4CF-5BE2-6CF62CC6AC50}.Release|Any CPU.Build.0 = Release|Any CPU
	EndGlobalSection
	GlobalSection(SolutionProperties) = preSolution
		HideSolutionNode = FALSE
	EndGlobalSection
EndGlobal
